
Microsoft Visual Studio Solution File, Format Version 12.00
Project("{FAE04EC0-301F-11D3-BF4B-00C04F79EFBC}") = "Start", "Start\Start.csproj", "{022D54BF-0F3C-45DE-91F0-CD4458F08A18}"
EndProject
Project("{FAE04EC0-301F-11D3-BF4B-00C04F79EFBC}") = "Domain", "Domain\Domain.csproj", "{CFE58C0E-F89E-4099-8D0E-4B048B1EBCC0}"
EndProject
Global
	GlobalSection(SolutionConfigurationPlatforms) = preSolution
		Debug|Any CPU = Debug|Any CPU
		Release|Any CPU = Release|Any CPU
	EndGlobalSection
	GlobalSection(ProjectConfigurationPlatforms) = postSolution
		{022D54BF-0F3C-45DE-91F0-CD4458F08A18}.Debug|Any CPU.ActiveCfg = Debug|Any CPU
		{022D54BF-0F3C-45DE-91F0-CD4458F08A18}.Debug|Any CPU.Build.0 = Debug|Any CPU
		{022D54BF-0F3C-45DE-91F0-CD4458F08A18}.Release|Any CPU.ActiveCfg = Release|Any CPU
		{022D54BF-0F3C-45DE-91F0-CD4458F08A18}.Release|Any CPU.Build.0 = Release|Any CPU
		{CFE58C0E-F89E-4099-8D0E-4B048B1EBCC0}.Debug|Any CPU.ActiveCfg = Debug|Any CPU
		{CFE58C0E-F89E-4099-8D0E-4B048B1EBCC0}.Debug|Any CPU.Build.0 = Debug|Any CPU
		{CFE58C0E-F89E-4099-8D0E-4B048B1EBCC0}.Release|Any CPU.ActiveCfg = Release|Any CPU
		{CFE58C0E-F89E-4099-8D0E-4B048B1EBCC0}.Release|Any CPU.Build.0 = Release|Any CPU
	EndGlobalSection
EndGlobal
